
Microsoft Visual Studio Solution File, Format Version 12.00
Project("{FAE04EC0-301F-11D3-BF4B-00C04F79EFBC}") = "Codeland Username Validation", "Codeland Username Validation\Codeland Username Validation.csproj", "{ADBDFC34-C0FB-473A-A474-945C1876F698}"
EndProject
Project("{FAE04EC0-301F-11D3-BF4B-00C04F79EFBC}") = "Find Intersection", "Find Intersection\Find Intersection.csproj", "{4024C2D9-7D84-409C-B487-7A37CCC7FF52}"
EndProject
Project("{FAE04EC0-301F-11D3-BF4B-00C04F79EFBC}") = "Consonant Count", "Consonant Count\Consonant Count.csproj", "{DCF77DBB-8A31-44E7-A011-7BFAF3EB3F49}"
EndProject
Project("{FAE04EC0-301F-11D3-BF4B-00C04F79EFBC}") = "Prime Time", "Prime Time\Prime Time.csproj", "{14DAB01F-12D1-4550-905D-5A46D0AE167D}"
EndProject
Project("{FAE04EC0-301F-11D3-BF4B-00C04F79EFBC}") = "Sudoku Quadrant Checker", "Sudoku Quadrant Checker\Sudoku Quadrant Checker.csproj", "{4601F5AB-8E30-4649-80EF-97350BCFA025}"
EndProject
Project("{FAE04EC0-301F-11D3-BF4B-00C04F79EFBC}") = "SukruS Problem", "SukruS Problem\SukruS Problem.csproj", "{946221D8-BAE8-4D64-9C63-84DD3E894849}"
EndProject
Project("{FAE04EC0-301F-11D3-BF4B-00C04F79EFBC}") = "Swap Case", "Swap Case\Swap Case.csproj", "{9644CBC1-B19F-4246-B368-59C4A87A75FB}"
EndProject
Project("{FAE04EC0-301F-11D3-BF4B-00C04F79EFBC}") = "Letter Count", "Letter Count\Letter Count.csproj", "{AEBC3F58-83B7-485A-B19E-F97408621CF7}"
EndProject
Project("{FAE04EC0-301F-11D3-BF4B-00C04F79EFBC}") = "Switch Sort", "Switch Sort\Switch Sort.csproj", "{D2161F4D-5E7F-4524-8D23-DB0E34E92295}"
EndProject
Project("{FAE04EC0-301F-11D3-BF4B-00C04F79EFBC}") = "String_Challneg", "String_Challneg\String_Challneg.csproj", "{3EDE9022-BDA2-4497-9CDA-ACF49D486697}"
EndProject
Project("{FAE04EC0-301F-11D3-BF4B-00C04F79EFBC}") = "Time_Calculator", "Time_Calculator\Time_Calculator.csproj", "{32623C5E-ABA7-4A1F-A302-96C2619082D3}"
EndProject
Project("{FAE04EC0-301F-11D3-BF4B-00C04F79EFBC}") = "Combinatorics_Challenge", "Combinatorics_Challenge\Combinatorics_Challenge.csproj", "{02F008EC-3E73-4C92-8DC0-B405D342AF83}"
EndProject
Project("{FAE04EC0-301F-11D3-BF4B-00C04F79EFBC}") = "Two Sum", "Two Sum\Two Sum.csproj", "{1D6FBA00-79CC-41BA-A3DE-67CFF3310DF6}"
EndProject
Project("{FAE04EC0-301F-11D3-BF4B-00C04F79EFBC}") = "ThreeFive Multiples", "ThreeFive Multiples\ThreeFive Multiples.csproj", "{4305578F-D504-4530-B951-6D11DDFD9CB9}"
EndProject
Project("{FAE04EC0-301F-11D3-BF4B-00C04F79EFBC}") = "Parallel Sums", "Parallel Sums\Parallel Sums.csproj", "{DA775675-F8A9-4FFB-B3AA-E127840B2249}"
EndProject
Project("{FAE04EC0-301F-11D3-BF4B-00C04F79EFBC}") = "Questions Marks", "Questions Marks\Questions Marks.csproj", "{69FD6365-0C75-42AE-A76C-556DD2B90B63}"
EndProject
Project("{FAE04EC0-301F-11D3-BF4B-00C04F79EFBC}") = "Power Set Count", "Power Set Count\Power Set Count.csproj", "{5CE6248C-F5E3-4346-9F73-43D52E102DC5}"
EndProject
Project("{FAE04EC0-301F-11D3-BF4B-00C04F79EFBC}") = "Even Pairs", "Even Pairs\Even Pairs.csproj", "{E8200190-69A6-4FE6-A0E1-E700B2B91B45}"
EndProject
Project("{FAE04EC0-301F-11D3-BF4B-00C04F79EFBC}") = "Array Couples", "Array Couples\Array Couples.csproj", "{E8F28ACB-CB04-4EF9-81A0-8BC220AC7558}"
EndProject
Project("{FAE04EC0-301F-11D3-BF4B-00C04F79EFBC}") = "Array_Couples.Test", "Array_Couples.Test\Array_Couples.Test.csproj", "{490F41CE-A0A0-421C-9D30-B8B672C9276C}"
EndProject
Project("{FAE04EC0-301F-11D3-BF4B-00C04F79EFBC}") = "Simple Evens", "Simple Evens\Simple Evens.csproj", "{AEC648DC-DA38-4B87-B7F4-26838C31F410}"
EndProject
Project("{FAE04EC0-301F-11D3-BF4B-00C04F79EFBC}") = "Counting Minutes", "Counting Minutes\Counting Minutes.csproj", "{E5E88DE2-3FB4-4399-A325-01258B6F8BDE}"
EndProject
Project("{FAE04EC0-301F-11D3-BF4B-00C04F79EFBC}") = "Knight Jumps", "Knight Jumps\Knight Jumps.csproj", "{5ECF013D-9EC3-44C7-809E-254DEBDE5486}"
EndProject
Project("{2150E333-8FDC-42A3-9474-1A3956D46DE8}") = "Feb-08-2022", "Feb-08-2022", "{25BEF475-863F-45D6-99AC-4A619BA3DC91}"
EndProject
Project("{2150E333-8FDC-42A3-9474-1A3956D46DE8}") = "Other_Solutions", "Other_Solutions", "{94A753DE-3FF5-4645-B80F-F506238CB7D5}"
EndProject
Project("{FAE04EC0-301F-11D3-BF4B-00C04F79EFBC}") = "Dash Insert", "Dash Insert\Dash Insert.csproj", "{F734D83B-950A-48ED-96E3-17DD4AA0382E}"
EndProject
Project("{FAE04EC0-301F-11D3-BF4B-00C04F79EFBC}") = "Simple Mode", "Simple Mode\Simple Mode.csproj", "{44DC9A60-BF78-40E6-853C-F53798696856}"
EndProject
Project("{FAE04EC0-301F-11D3-BF4B-00C04F79EFBC}") = "Farthest Nodes", "Farthest Nodes\Farthest Nodes.csproj", "{8587A03F-2EFA-48DB-B7CF-C4F0C8B47CF7}"
EndProject
Project("{FAE04EC0-301F-11D3-BF4B-00C04F79EFBC}") = "Second GreatLow", "Second GreatLow\Second GreatLow.csproj", "{627AACAD-C460-4938-8DCF-6CB87E327CE1}"
EndProject
Project("{FAE04EC0-301F-11D3-BF4B-00C04F79EFBC}") = "Division Stringified", "Division Stringified\Division Stringified.csproj", "{E34365D2-C3FB-49B3-A1DA-F719347DBEFB}"
EndProject
Project("{FAE04EC0-301F-11D3-BF4B-00C04F79EFBC}") = "Counting Minutes I", "Counting Minutes I\Counting Minutes I.csproj", "{4C781CFB-3174-4710-9788-FA9BAB648985}"
EndProject
Project("{FAE04EC0-301F-11D3-BF4B-00C04F79EFBC}") = "Consecutive", "Consecutive\Consecutive.csproj", "{E26D7B4F-2FA7-487A-AA30-4F206E142724}"
EndProject
Project("{FAE04EC0-301F-11D3-BF4B-00C04F79EFBC}") = "Longest Word", "Longest Word\Longest Word.csproj", "{7FD67FEF-2416-4E1E-AEA0-6C7ABA8E1C8F}"
EndProject
Project("{FAE04EC0-301F-11D3-BF4B-00C04F79EFBC}") = "K Unique Characters", "K Unique Characters\K Unique Characters.csproj", "{135C172C-7324-4080-9D42-40A552440D53}"
EndProject
Project("{FAE04EC0-301F-11D3-BF4B-00C04F79EFBC}") = "Letter Changes", "Letter Changes\Letter Changes.csproj", "{D14A0182-43F5-46A5-B65D-51C838659B54}"
EndProject
Project("{FAE04EC0-301F-11D3-BF4B-00C04F79EFBC}") = "Simple Adding", "Simple Adding\Simple Adding.csproj", "{99CCC213-55AB-4660-9953-B8CF5D628828}"
EndProject
Project("{FAE04EC0-301F-11D3-BF4B-00C04F79EFBC}") = "Letter Capitalize", "Letter Capitalize\Letter Capitalize.csproj", "{B253D2EF-090C-4D0F-97BB-C5B39269DDEF}"
EndProject
Project("{FAE04EC0-301F-11D3-BF4B-00C04F79EFBC}") = "Simple Symbols", "Simple Symbols\Simple Symbols.csproj", "{D35E3B39-E9D5-4FFD-BC8F-978A2C247325}"
EndProject
Project("{FAE04EC0-301F-11D3-BF4B-00C04F79EFBC}") = "Check Nums", "Check Nums\Check Nums.csproj", "{4AC73C62-CA03-48AB-8946-A49851BBC355}"
EndProject
Project("{FAE04EC0-301F-11D3-BF4B-00C04F79EFBC}") = "Time Convert", "Time Convert\Time Convert.csproj", "{AC9769FB-35EB-4BAD-919F-FFF5D572DD70}"
EndProject
Project("{FAE04EC0-301F-11D3-BF4B-00C04F79EFBC}") = "Alphabet Soup", "Alphabet Soup\Alphabet Soup.csproj", "{82025BBC-137C-4A50-85B8-0613EE010421}"
EndProject
Project("{FAE04EC0-301F-11D3-BF4B-00C04F79EFBC}") = "AB Check", "AB Check\AB Check.csproj", "{A204CD86-4AAC-48F6-B971-BFAF56E8F17B}"
EndProject
Project("{FAE04EC0-301F-11D3-BF4B-00C04F79EFBC}") = "Vowel Count", "Vowel Count\Vowel Count.csproj", "{3D354376-0370-4C63-9538-971BFDC5FA97}"
EndProject
Project("{FAE04EC0-301F-11D3-BF4B-00C04F79EFBC}") = "Arith Geo", "Arith Geo\Arith Geo.csproj", "{3E188FF9-9722-452E-B105-E7DD754A8559}"
EndProject
Project("{FAE04EC0-301F-11D3-BF4B-00C04F79EFBC}") = "Third Greatest", "Third Greatest\Third Greatest.csproj", "{A5DF1965-B680-4511-89F6-83DC6232F951}"
EndProject
Project("{FAE04EC0-301F-11D3-BF4B-00C04F79EFBC}") = "Off Line Minimum", "Off Line Minimum\Off Line Minimum.csproj", "{6BCCFB25-0F9B-4199-BB4A-03B5E6C2EEAE}"
EndProject
Project("{FAE04EC0-301F-11D3-BF4B-00C04F79EFBC}") = "Changing Sequence", "Changing Sequence\Changing Sequence.csproj", "{8ED4B714-ED15-4502-8AF1-62746C8939BF}"
EndProject
Project("{FAE04EC0-301F-11D3-BF4B-00C04F79EFBC}") = "Word Count", "Word Count\Word Count.csproj", "{6657D79A-7607-4991-8873-5362125ECC5F}"
EndProject
Project("{FAE04EC0-301F-11D3-BF4B-00C04F79EFBC}") = "Ex Oh", "Ex Oh\Ex Oh.csproj", "{11B871B7-EF7B-4574-8596-5B4D08C8D5EE}"
EndProject
Project("{FAE04EC0-301F-11D3-BF4B-00C04F79EFBC}") = "Palindrome", "Palindrome\Palindrome.csproj", "{F29D232B-651C-47C9-AB03-7E087C4295A5}"
EndProject
Project("{FAE04EC0-301F-11D3-BF4B-00C04F79EFBC}") = "Three Sum", "Three Sum\Three Sum.csproj", "{01728F3E-D581-4B45-B058-B27ADEBE6237}"
EndProject
Project("{FAE04EC0-301F-11D3-BF4B-00C04F79EFBC}") = "Wave Sorting", "Wave Sorting\Wave Sorting.csproj", "{DD1724D8-6BDD-475E-9C8F-A7B40A6DD7CE}"
EndProject
Project("{FAE04EC0-301F-11D3-BF4B-00C04F79EFBC}") = "Dash Insert-2", "Dash Insert-2\Dash Insert-2.csproj", "{1A40B13F-90F9-4E18-8A69-8075951C9794}"
EndProject
Project("{FAE04EC0-301F-11D3-BF4B-00C04F79EFBC}") = "Number Addition", "Number Addition\Number Addition.csproj", "{DC3E60E5-4303-430E-8194-439E951FA1B8}"
EndProject
Global
	GlobalSection(SolutionConfigurationPlatforms) = preSolution
		Debug|Any CPU = Debug|Any CPU
		Release|Any CPU = Release|Any CPU
	EndGlobalSection
	GlobalSection(ProjectConfigurationPlatforms) = postSolution
		{ADBDFC34-C0FB-473A-A474-945C1876F698}.Debug|Any CPU.ActiveCfg = Debug|Any CPU
		{ADBDFC34-C0FB-473A-A474-945C1876F698}.Debug|Any CPU.Build.0 = Debug|Any CPU
		{ADBDFC34-C0FB-473A-A474-945C1876F698}.Release|Any CPU.ActiveCfg = Release|Any CPU
		{ADBDFC34-C0FB-473A-A474-945C1876F698}.Release|Any CPU.Build.0 = Release|Any CPU
		{4024C2D9-7D84-409C-B487-7A37CCC7FF52}.Debug|Any CPU.ActiveCfg = Debug|Any CPU
		{4024C2D9-7D84-409C-B487-7A37CCC7FF52}.Debug|Any CPU.Build.0 = Debug|Any CPU
		{4024C2D9-7D84-409C-B487-7A37CCC7FF52}.Release|Any CPU.ActiveCfg = Release|Any CPU
		{4024C2D9-7D84-409C-B487-7A37CCC7FF52}.Release|Any CPU.Build.0 = Release|Any CPU
		{DCF77DBB-8A31-44E7-A011-7BFAF3EB3F49}.Debug|Any CPU.ActiveCfg = Debug|Any CPU
		{DCF77DBB-8A31-44E7-A011-7BFAF3EB3F49}.Debug|Any CPU.Build.0 = Debug|Any CPU
		{DCF77DBB-8A31-44E7-A011-7BFAF3EB3F49}.Release|Any CPU.ActiveCfg = Release|Any CPU
		{DCF77DBB-8A31-44E7-A011-7BFAF3EB3F49}.Release|Any CPU.Build.0 = Release|Any CPU
		{14DAB01F-12D1-4550-905D-5A46D0AE167D}.Debug|Any CPU.ActiveCfg = Debug|Any CPU
		{14DAB01F-12D1-4550-905D-5A46D0AE167D}.Debug|Any CPU.Build.0 = Debug|Any CPU
		{14DAB01F-12D1-4550-905D-5A46D0AE167D}.Release|Any CPU.ActiveCfg = Release|Any CPU
		{14DAB01F-12D1-4550-905D-5A46D0AE167D}.Release|Any CPU.Build.0 = Release|Any CPU
		{4601F5AB-8E30-4649-80EF-97350BCFA025}.Debug|Any CPU.ActiveCfg = Debug|Any CPU
		{4601F5AB-8E30-4649-80EF-97350BCFA025}.Debug|Any CPU.Build.0 = Debug|Any CPU
		{4601F5AB-8E30-4649-80EF-97350BCFA025}.Release|Any CPU.ActiveCfg = Release|Any CPU
		{4601F5AB-8E30-4649-80EF-97350BCFA025}.Release|Any CPU.Build.0 = Release|Any CPU
		{946221D8-BAE8-4D64-9C63-84DD3E894849}.Debug|Any CPU.ActiveCfg = Debug|Any CPU
		{946221D8-BAE8-4D64-9C63-84DD3E894849}.Debug|Any CPU.Build.0 = Debug|Any CPU
		{946221D8-BAE8-4D64-9C63-84DD3E894849}.Release|Any CPU.ActiveCfg = Release|Any CPU
		{946221D8-BAE8-4D64-9C63-84DD3E894849}.Release|Any CPU.Build.0 = Release|Any CPU
		{9644CBC1-B19F-4246-B368-59C4A87A75FB}.Debug|Any CPU.ActiveCfg = Debug|Any CPU
		{9644CBC1-B19F-4246-B368-59C4A87A75FB}.Debug|Any CPU.Build.0 = Debug|Any CPU
		{9644CBC1-B19F-4246-B368-59C4A87A75FB}.Release|Any CPU.ActiveCfg = Release|Any CPU
		{9644CBC1-B19F-4246-B368-59C4A87A75FB}.Release|Any CPU.Build.0 = Release|Any CPU
		{AEBC3F58-83B7-485A-B19E-F97408621CF7}.Debug|Any CPU.ActiveCfg = Debug|Any CPU
		{AEBC3F58-83B7-485A-B19E-F97408621CF7}.Debug|Any CPU.Build.0 = Debug|Any CPU
		{AEBC3F58-83B7-485A-B19E-F97408621CF7}.Release|Any CPU.ActiveCfg = Release|Any CPU
		{AEBC3F58-83B7-485A-B19E-F97408621CF7}.Release|Any CPU.Build.0 = Release|Any CPU
		{D2161F4D-5E7F-4524-8D23-DB0E34E92295}.Debug|Any CPU.ActiveCfg = Debug|Any CPU
		{D2161F4D-5E7F-4524-8D23-DB0E34E92295}.Debug|Any CPU.Build.0 = Debug|Any CPU
		{D2161F4D-5E7F-4524-8D23-DB0E34E92295}.Release|Any CPU.ActiveCfg = Release|Any CPU
		{D2161F4D-5E7F-4524-8D23-DB0E34E92295}.Release|Any CPU.Build.0 = Release|Any CPU
		{3EDE9022-BDA2-4497-9CDA-ACF49D486697}.Debug|Any CPU.ActiveCfg = Debug|Any CPU
		{3EDE9022-BDA2-4497-9CDA-ACF49D486697}.Debug|Any CPU.Build.0 = Debug|Any CPU
		{3EDE9022-BDA2-4497-9CDA-ACF49D486697}.Release|Any CPU.ActiveCfg = Release|Any CPU
		{3EDE9022-BDA2-4497-9CDA-ACF49D486697}.Release|Any CPU.Build.0 = Release|Any CPU
		{32623C5E-ABA7-4A1F-A302-96C2619082D3}.Debug|Any CPU.ActiveCfg = Debug|Any CPU
		{32623C5E-ABA7-4A1F-A302-96C2619082D3}.Debug|Any CPU.Build.0 = Debug|Any CPU
		{32623C5E-ABA7-4A1F-A302-96C2619082D3}.Release|Any CPU.ActiveCfg = Release|Any CPU
		{32623C5E-ABA7-4A1F-A302-96C2619082D3}.Release|Any CPU.Build.0 = Release|Any CPU
		{02F008EC-3E73-4C92-8DC0-B405D342AF83}.Debug|Any CPU.ActiveCfg = Debug|Any CPU
		{02F008EC-3E73-4C92-8DC0-B405D342AF83}.Debug|Any CPU.Build.0 = Debug|Any CPU
		{02F008EC-3E73-4C92-8DC0-B405D342AF83}.Release|Any CPU.ActiveCfg = Release|Any CPU
		{02F008EC-3E73-4C92-8DC0-B405D342AF83}.Release|Any CPU.Build.0 = Release|Any CPU
		{1D6FBA00-79CC-41BA-A3DE-67CFF3310DF6}.Debug|Any CPU.ActiveCfg = Debug|Any CPU
		{1D6FBA00-79CC-41BA-A3DE-67CFF3310DF6}.Debug|Any CPU.Build.0 = Debug|Any CPU
		{1D6FBA00-79CC-41BA-A3DE-67CFF3310DF6}.Release|Any CPU.ActiveCfg = Release|Any CPU
		{1D6FBA00-79CC-41BA-A3DE-67CFF3310DF6}.Release|Any CPU.Build.0 = Release|Any CPU
		{4305578F-D504-4530-B951-6D11DDFD9CB9}.Debug|Any CPU.ActiveCfg = Debug|Any CPU
		{4305578F-D504-4530-B951-6D11DDFD9CB9}.Debug|Any CPU.Build.0 = Debug|Any CPU
		{4305578F-D504-4530-B951-6D11DDFD9CB9}.Release|Any CPU.ActiveCfg = Release|Any CPU
		{4305578F-D504-4530-B951-6D11DDFD9CB9}.Release|Any CPU.Build.0 = Release|Any CPU
		{DA775675-F8A9-4FFB-B3AA-E127840B2249}.Debug|Any CPU.ActiveCfg = Debug|Any CPU
		{DA775675-F8A9-4FFB-B3AA-E127840B2249}.Debug|Any CPU.Build.0 = Debug|Any CPU
		{DA775675-F8A9-4FFB-B3AA-E127840B2249}.Release|Any CPU.ActiveCfg = Release|Any CPU
		{DA775675-F8A9-4FFB-B3AA-E127840B2249}.Release|Any CPU.Build.0 = Release|Any CPU
		{69FD6365-0C75-42AE-A76C-556DD2B90B63}.Debug|Any CPU.ActiveCfg = Debug|Any CPU
		{69FD6365-0C75-42AE-A76C-556DD2B90B63}.Debug|Any CPU.Build.0 = Debug|Any CPU
		{69FD6365-0C75-42AE-A76C-556DD2B90B63}.Release|Any CPU.ActiveCfg = Release|Any CPU
		{69FD6365-0C75-42AE-A76C-556DD2B90B63}.Release|Any CPU.Build.0 = Release|Any CPU
		{5CE6248C-F5E3-4346-9F73-43D52E102DC5}.Debug|Any CPU.ActiveCfg = Debug|Any CPU
		{5CE6248C-F5E3-4346-9F73-43D52E102DC5}.Debug|Any CPU.Build.0 = Debug|Any CPU
		{5CE6248C-F5E3-4346-9F73-43D52E102DC5}.Release|Any CPU.ActiveCfg = Release|Any CPU
		{5CE6248C-F5E3-4346-9F73-43D52E102DC5}.Release|Any CPU.Build.0 = Release|Any CPU
		{E8200190-69A6-4FE6-A0E1-E700B2B91B45}.Debug|Any CPU.ActiveCfg = Debug|Any CPU
		{E8200190-69A6-4FE6-A0E1-E700B2B91B45}.Debug|Any CPU.Build.0 = Debug|Any CPU
		{E8200190-69A6-4FE6-A0E1-E700B2B91B45}.Release|Any CPU.ActiveCfg = Release|Any CPU
		{E8200190-69A6-4FE6-A0E1-E700B2B91B45}.Release|Any CPU.Build.0 = Release|Any CPU
		{E8F28ACB-CB04-4EF9-81A0-8BC220AC7558}.Debug|Any CPU.ActiveCfg = Debug|Any CPU
		{E8F28ACB-CB04-4EF9-81A0-8BC220AC7558}.Debug|Any CPU.Build.0 = Debug|Any CPU
		{E8F28ACB-CB04-4EF9-81A0-8BC220AC7558}.Release|Any CPU.ActiveCfg = Release|Any CPU
		{E8F28ACB-CB04-4EF9-81A0-8BC220AC7558}.Release|Any CPU.Build.0 = Release|Any CPU
		{490F41CE-A0A0-421C-9D30-B8B672C9276C}.Debug|Any CPU.ActiveCfg = Debug|Any CPU
		{490F41CE-A0A0-421C-9D30-B8B672C9276C}.Debug|Any CPU.Build.0 = Debug|Any CPU
		{490F41CE-A0A0-421C-9D30-B8B672C9276C}.Release|Any CPU.ActiveCfg = Release|Any CPU
		{490F41CE-A0A0-421C-9D30-B8B672C9276C}.Release|Any CPU.Build.0 = Release|Any CPU
		{AEC648DC-DA38-4B87-B7F4-26838C31F410}.Debug|Any CPU.ActiveCfg = Debug|Any CPU
		{AEC648DC-DA38-4B87-B7F4-26838C31F410}.Debug|Any CPU.Build.0 = Debug|Any CPU
		{AEC648DC-DA38-4B87-B7F4-26838C31F410}.Release|Any CPU.ActiveCfg = Release|Any CPU
		{AEC648DC-DA38-4B87-B7F4-26838C31F410}.Release|Any CPU.Build.0 = Release|Any CPU
		{E5E88DE2-3FB4-4399-A325-01258B6F8BDE}.Debug|Any CPU.ActiveCfg = Debug|Any CPU
		{E5E88DE2-3FB4-4399-A325-01258B6F8BDE}.Debug|Any CPU.Build.0 = Debug|Any CPU
		{E5E88DE2-3FB4-4399-A325-01258B6F8BDE}.Release|Any CPU.ActiveCfg = Release|Any CPU
		{E5E88DE2-3FB4-4399-A325-01258B6F8BDE}.Release|Any CPU.Build.0 = Release|Any CPU
		{5ECF013D-9EC3-44C7-809E-254DEBDE5486}.Debug|Any CPU.ActiveCfg = Debug|Any CPU
		{5ECF013D-9EC3-44C7-809E-254DEBDE5486}.Debug|Any CPU.Build.0 = Debug|Any CPU
		{5ECF013D-9EC3-44C7-809E-254DEBDE5486}.Release|Any CPU.ActiveCfg = Release|Any CPU
		{5ECF013D-9EC3-44C7-809E-254DEBDE5486}.Release|Any CPU.Build.0 = Release|Any CPU
		{F734D83B-950A-48ED-96E3-17DD4AA0382E}.Debug|Any CPU.ActiveCfg = Debug|Any CPU
		{F734D83B-950A-48ED-96E3-17DD4AA0382E}.Debug|Any CPU.Build.0 = Debug|Any CPU
		{F734D83B-950A-48ED-96E3-17DD4AA0382E}.Release|Any CPU.ActiveCfg = Release|Any CPU
		{F734D83B-950A-48ED-96E3-17DD4AA0382E}.Release|Any CPU.Build.0 = Release|Any CPU
		{44DC9A60-BF78-40E6-853C-F53798696856}.Debug|Any CPU.ActiveCfg = Debug|Any CPU
		{44DC9A60-BF78-40E6-853C-F53798696856}.Debug|Any CPU.Build.0 = Debug|Any CPU
		{44DC9A60-BF78-40E6-853C-F53798696856}.Release|Any CPU.ActiveCfg = Release|Any CPU
		{44DC9A60-BF78-40E6-853C-F53798696856}.Release|Any CPU.Build.0 = Release|Any CPU
		{8587A03F-2EFA-48DB-B7CF-C4F0C8B47CF7}.Debug|Any CPU.ActiveCfg = Debug|Any CPU
		{8587A03F-2EFA-48DB-B7CF-C4F0C8B47CF7}.Debug|Any CPU.Build.0 = Debug|Any CPU
		{8587A03F-2EFA-48DB-B7CF-C4F0C8B47CF7}.Release|Any CPU.ActiveCfg = Release|Any CPU
		{8587A03F-2EFA-48DB-B7CF-C4F0C8B47CF7}.Release|Any CPU.Build.0 = Release|Any CPU
		{627AACAD-C460-4938-8DCF-6CB87E327CE1}.Debug|Any CPU.ActiveCfg = Debug|Any CPU
		{627AACAD-C460-4938-8DCF-6CB87E327CE1}.Debug|Any CPU.Build.0 = Debug|Any CPU
		{627AACAD-C460-4938-8DCF-6CB87E327CE1}.Release|Any CPU.ActiveCfg = Release|Any CPU
		{627AACAD-C460-4938-8DCF-6CB87E327CE1}.Release|Any CPU.Build.0 = Release|Any CPU
		{E34365D2-C3FB-49B3-A1DA-F719347DBEFB}.Debug|Any CPU.ActiveCfg = Debug|Any CPU
		{E34365D2-C3FB-49B3-A1DA-F719347DBEFB}.Debug|Any CPU.Build.0 = Debug|Any CPU
		{E34365D2-C3FB-49B3-A1DA-F719347DBEFB}.Release|Any CPU.ActiveCfg = Release|Any CPU
		{E34365D2-C3FB-49B3-A1DA-F719347DBEFB}.Release|Any CPU.Build.0 = Release|Any CPU
		{4C781CFB-3174-4710-9788-FA9BAB648985}.Debug|Any CPU.ActiveCfg = Debug|Any CPU
		{4C781CFB-3174-4710-9788-FA9BAB648985}.Debug|Any CPU.Build.0 = Debug|Any CPU
		{4C781CFB-3174-4710-9788-FA9BAB648985}.Release|Any CPU.ActiveCfg = Release|Any CPU
		{4C781CFB-3174-4710-9788-FA9BAB648985}.Release|Any CPU.Build.0 = Release|Any CPU
		{E26D7B4F-2FA7-487A-AA30-4F206E142724}.Debug|Any CPU.ActiveCfg = Debug|Any CPU
		{E26D7B4F-2FA7-487A-AA30-4F206E142724}.Debug|Any CPU.Build.0 = Debug|Any CPU
		{E26D7B4F-2FA7-487A-AA30-4F206E142724}.Release|Any CPU.ActiveCfg = Release|Any CPU
		{E26D7B4F-2FA7-487A-AA30-4F206E142724}.Release|Any CPU.Build.0 = Release|Any CPU
		{7FD67FEF-2416-4E1E-AEA0-6C7ABA8E1C8F}.Debug|Any CPU.ActiveCfg = Debug|Any CPU
		{7FD67FEF-2416-4E1E-AEA0-6C7ABA8E1C8F}.Debug|Any CPU.Build.0 = Debug|Any CPU
		{7FD67FEF-2416-4E1E-AEA0-6C7ABA8E1C8F}.Release|Any CPU.ActiveCfg = Release|Any CPU
		{7FD67FEF-2416-4E1E-AEA0-6C7ABA8E1C8F}.Release|Any CPU.Build.0 = Release|Any CPU
		{135C172C-7324-4080-9D42-40A552440D53}.Debug|Any CPU.ActiveCfg = Debug|Any CPU
		{135C172C-7324-4080-9D42-40A552440D53}.Debug|Any CPU.Build.0 = Debug|Any CPU
		{135C172C-7324-4080-9D42-40A552440D53}.Release|Any CPU.ActiveCfg = Release|Any CPU
		{135C172C-7324-4080-9D42-40A552440D53}.Release|Any CPU.Build.0 = Release|Any CPU
		{D14A0182-43F5-46A5-B65D-51C838659B54}.Debug|Any CPU.ActiveCfg = Debug|Any CPU
		{D14A0182-43F5-46A5-B65D-51C838659B54}.Debug|Any CPU.Build.0 = Debug|Any CPU
		{D14A0182-43F5-46A5-B65D-51C838659B54}.Release|Any CPU.ActiveCfg = Release|Any CPU
		{D14A0182-43F5-46A5-B65D-51C838659B54}.Release|Any CPU.Build.0 = Release|Any CPU
		{99CCC213-55AB-4660-9953-B8CF5D628828}.Debug|Any CPU.ActiveCfg = Debug|Any CPU
		{99CCC213-55AB-4660-9953-B8CF5D628828}.Debug|Any CPU.Build.0 = Debug|Any CPU
		{99CCC213-55AB-4660-9953-B8CF5D628828}.Release|Any CPU.ActiveCfg = Release|Any CPU
		{99CCC213-55AB-4660-9953-B8CF5D628828}.Release|Any CPU.Build.0 = Release|Any CPU
		{B253D2EF-090C-4D0F-97BB-C5B39269DDEF}.Debug|Any CPU.ActiveCfg = Debug|Any CPU
		{B253D2EF-090C-4D0F-97BB-C5B39269DDEF}.Debug|Any CPU.Build.0 = Debug|Any CPU
		{B253D2EF-090C-4D0F-97BB-C5B39269DDEF}.Release|Any CPU.ActiveCfg = Release|Any CPU
		{B253D2EF-090C-4D0F-97BB-C5B39269DDEF}.Release|Any CPU.Build.0 = Release|Any CPU
		{D35E3B39-E9D5-4FFD-BC8F-978A2C247325}.Debug|Any CPU.ActiveCfg = Debug|Any CPU
		{D35E3B39-E9D5-4FFD-BC8F-978A2C247325}.Debug|Any CPU.Build.0 = Debug|Any CPU
		{D35E3B39-E9D5-4FFD-BC8F-978A2C247325}.Release|Any CPU.ActiveCfg = Release|Any CPU
		{D35E3B39-E9D5-4FFD-BC8F-978A2C247325}.Release|Any CPU.Build.0 = Release|Any CPU
		{4AC73C62-CA03-48AB-8946-A49851BBC355}.Debug|Any CPU.ActiveCfg = Debug|Any CPU
		{4AC73C62-CA03-48AB-8946-A49851BBC355}.Debug|Any CPU.Build.0 = Debug|Any CPU
		{4AC73C62-CA03-48AB-8946-A49851BBC355}.Release|Any CPU.ActiveCfg = Release|Any CPU
		{4AC73C62-CA03-48AB-8946-A49851BBC355}.Release|Any CPU.Build.0 = Release|Any CPU
		{AC9769FB-35EB-4BAD-919F-FFF5D572DD70}.Debug|Any CPU.ActiveCfg = Debug|Any CPU
		{AC9769FB-35EB-4BAD-919F-FFF5D572DD70}.Debug|Any CPU.Build.0 = Debug|Any CPU
		{AC9769FB-35EB-4BAD-919F-FFF5D572DD70}.Release|Any CPU.ActiveCfg = Release|Any CPU
		{AC9769FB-35EB-4BAD-919F-FFF5D572DD70}.Release|Any CPU.Build.0 = Release|Any CPU
		{82025BBC-137C-4A50-85B8-0613EE010421}.Debug|Any CPU.ActiveCfg = Debug|Any CPU
		{82025BBC-137C-4A50-85B8-0613EE010421}.Debug|Any CPU.Build.0 = Debug|Any CPU
		{82025BBC-137C-4A50-85B8-0613EE010421}.Release|Any CPU.ActiveCfg = Release|Any CPU
		{82025BBC-137C-4A50-85B8-0613EE010421}.Release|Any CPU.Build.0 = Release|Any CPU
		{A204CD86-4AAC-48F6-B971-BFAF56E8F17B}.Debug|Any CPU.ActiveCfg = Debug|Any CPU
		{A204CD86-4AAC-48F6-B971-BFAF56E8F17B}.Debug|Any CPU.Build.0 = Debug|Any CPU
		{A204CD86-4AAC-48F6-B971-BFAF56E8F17B}.Release|Any CPU.ActiveCfg = Release|Any CPU
		{A204CD86-4AAC-48F6-B971-BFAF56E8F17B}.Release|Any CPU.Build.0 = Release|Any CPU
		{3D354376-0370-4C63-9538-971BFDC5FA97}.Debug|Any CPU.ActiveCfg = Debug|Any CPU
		{3D354376-0370-4C63-9538-971BFDC5FA97}.Debug|Any CPU.Build.0 = Debug|Any CPU
		{3D354376-0370-4C63-9538-971BFDC5FA97}.Release|Any CPU.ActiveCfg = Release|Any CPU
		{3D354376-0370-4C63-9538-971BFDC5FA97}.Release|Any CPU.Build.0 = Release|Any CPU
		{3E188FF9-9722-452E-B105-E7DD754A8559}.Debug|Any CPU.ActiveCfg = Debug|Any CPU
		{3E188FF9-9722-452E-B105-E7DD754A8559}.Debug|Any CPU.Build.0 = Debug|Any CPU
		{3E188FF9-9722-452E-B105-E7DD754A8559}.Release|Any CPU.ActiveCfg = Release|Any CPU
		{3E188FF9-9722-452E-B105-E7DD754A8559}.Release|Any CPU.Build.0 = Release|Any CPU
		{A5DF1965-B680-4511-89F6-83DC6232F951}.Debug|Any CPU.ActiveCfg = Debug|Any CPU
		{A5DF1965-B680-4511-89F6-83DC6232F951}.Debug|Any CPU.Build.0 = Debug|Any CPU
		{A5DF1965-B680-4511-89F6-83DC6232F951}.Release|Any CPU.ActiveCfg = Release|Any CPU
		{A5DF1965-B680-4511-89F6-83DC6232F951}.Release|Any CPU.Build.0 = Release|Any CPU
		{6BCCFB25-0F9B-4199-BB4A-03B5E6C2EEAE}.Debug|Any CPU.ActiveCfg = Debug|Any CPU
		{6BCCFB25-0F9B-4199-BB4A-03B5E6C2EEAE}.Debug|Any CPU.Build.0 = Debug|Any CPU
		{6BCCFB25-0F9B-4199-BB4A-03B5E6C2EEAE}.Release|Any CPU.ActiveCfg = Release|Any CPU
		{6BCCFB25-0F9B-4199-BB4A-03B5E6C2EEAE}.Release|Any CPU.Build.0 = Release|Any CPU
		{8ED4B714-ED15-4502-8AF1-62746C8939BF}.Debug|Any CPU.ActiveCfg = Debug|Any CPU
		{8ED4B714-ED15-4502-8AF1-62746C8939BF}.Debug|Any CPU.Build.0 = Debug|Any CPU
		{8ED4B714-ED15-4502-8AF1-62746C8939BF}.Release|Any CPU.ActiveCfg = Release|Any CPU
		{8ED4B714-ED15-4502-8AF1-62746C8939BF}.Release|Any CPU.Build.0 = Release|Any CPU
		{6657D79A-7607-4991-8873-5362125ECC5F}.Debug|Any CPU.ActiveCfg = Debug|Any CPU
		{6657D79A-7607-4991-8873-5362125ECC5F}.Debug|Any CPU.Build.0 = Debug|Any CPU
		{6657D79A-7607-4991-8873-5362125ECC5F}.Release|Any CPU.ActiveCfg = Release|Any CPU
		{6657D79A-7607-4991-8873-5362125ECC5F}.Release|Any CPU.Build.0 = Release|Any CPU
		{11B871B7-EF7B-4574-8596-5B4D08C8D5EE}.Debug|Any CPU.ActiveCfg = Debug|Any CPU
		{11B871B7-EF7B-4574-8596-5B4D08C8D5EE}.Debug|Any CPU.Build.0 = Debug|Any CPU
		{11B871B7-EF7B-4574-8596-5B4D08C8D5EE}.Release|Any CPU.ActiveCfg = Release|Any CPU
		{11B871B7-EF7B-4574-8596-5B4D08C8D5EE}.Release|Any CPU.Build.0 = Release|Any CPU
		{F29D232B-651C-47C9-AB03-7E087C4295A5}.Debug|Any CPU.ActiveCfg = Debug|Any CPU
		{F29D232B-651C-47C9-AB03-7E087C4295A5}.Debug|Any CPU.Build.0 = Debug|Any CPU
		{F29D232B-651C-47C9-AB03-7E087C4295A5}.Release|Any CPU.ActiveCfg = Release|Any CPU
		{F29D232B-651C-47C9-AB03-7E087C4295A5}.Release|Any CPU.Build.0 = Release|Any CPU
		{01728F3E-D581-4B45-B058-B27ADEBE6237}.Debug|Any CPU.ActiveCfg = Debug|Any CPU
		{01728F3E-D581-4B45-B058-B27ADEBE6237}.Debug|Any CPU.Build.0 = Debug|Any CPU
		{01728F3E-D581-4B45-B058-B27ADEBE6237}.Release|Any CPU.ActiveCfg = Release|Any CPU
		{01728F3E-D581-4B45-B058-B27ADEBE6237}.Release|Any CPU.Build.0 = Release|Any CPU
		{DD1724D8-6BDD-475E-9C8F-A7B40A6DD7CE}.Debug|Any CPU.ActiveCfg = Debug|Any CPU
		{DD1724D8-6BDD-475E-9C8F-A7B40A6DD7CE}.Debug|Any CPU.Build.0 = Debug|Any CPU
		{DD1724D8-6BDD-475E-9C8F-A7B40A6DD7CE}.Release|Any CPU.ActiveCfg = Release|Any CPU
		{DD1724D8-6BDD-475E-9C8F-A7B40A6DD7CE}.Release|Any CPU.Build.0 = Release|Any CPU
		{1A40B13F-90F9-4E18-8A69-8075951C9794}.Debug|Any CPU.ActiveCfg = Debug|Any CPU
		{1A40B13F-90F9-4E18-8A69-8075951C9794}.Debug|Any CPU.Build.0 = Debug|Any CPU
		{1A40B13F-90F9-4E18-8A69-8075951C9794}.Release|Any CPU.ActiveCfg = Release|Any CPU
		{1A40B13F-90F9-4E18-8A69-8075951C9794}.Release|Any CPU.Build.0 = Release|Any CPU
		{DC3E60E5-4303-430E-8194-439E951FA1B8}.Debug|Any CPU.ActiveCfg = Debug|Any CPU
		{DC3E60E5-4303-430E-8194-439E951FA1B8}.Debug|Any CPU.Build.0 = Debug|Any CPU
		{DC3E60E5-4303-430E-8194-439E951FA1B8}.Release|Any CPU.ActiveCfg = Release|Any CPU
		{DC3E60E5-4303-430E-8194-439E951FA1B8}.Release|Any CPU.Build.0 = Release|Any CPU
	EndGlobalSection
	GlobalSection(NestedProjects) = preSolution
		{AEC648DC-DA38-4B87-B7F4-26838C31F410} = {25BEF475-863F-45D6-99AC-4A619BA3DC91}
		{E5E88DE2-3FB4-4399-A325-01258B6F8BDE} = {25BEF475-863F-45D6-99AC-4A619BA3DC91}
		{5ECF013D-9EC3-44C7-809E-254DEBDE5486} = {25BEF475-863F-45D6-99AC-4A619BA3DC91}
		{E8F28ACB-CB04-4EF9-81A0-8BC220AC7558} = {94A753DE-3FF5-4645-B80F-F506238CB7D5}
		{490F41CE-A0A0-421C-9D30-B8B672C9276C} = {94A753DE-3FF5-4645-B80F-F506238CB7D5}
		{ADBDFC34-C0FB-473A-A474-945C1876F698} = {94A753DE-3FF5-4645-B80F-F506238CB7D5}
		{02F008EC-3E73-4C92-8DC0-B405D342AF83} = {94A753DE-3FF5-4645-B80F-F506238CB7D5}
		{DCF77DBB-8A31-44E7-A011-7BFAF3EB3F49} = {94A753DE-3FF5-4645-B80F-F506238CB7D5}
		{E8200190-69A6-4FE6-A0E1-E700B2B91B45} = {94A753DE-3FF5-4645-B80F-F506238CB7D5}
		{4024C2D9-7D84-409C-B487-7A37CCC7FF52} = {94A753DE-3FF5-4645-B80F-F506238CB7D5}
		{AEBC3F58-83B7-485A-B19E-F97408621CF7} = {94A753DE-3FF5-4645-B80F-F506238CB7D5}
		{DA775675-F8A9-4FFB-B3AA-E127840B2249} = {94A753DE-3FF5-4645-B80F-F506238CB7D5}
		{5CE6248C-F5E3-4346-9F73-43D52E102DC5} = {94A753DE-3FF5-4645-B80F-F506238CB7D5}
		{14DAB01F-12D1-4550-905D-5A46D0AE167D} = {94A753DE-3FF5-4645-B80F-F506238CB7D5}
		{69FD6365-0C75-42AE-A76C-556DD2B90B63} = {94A753DE-3FF5-4645-B80F-F506238CB7D5}
		{3EDE9022-BDA2-4497-9CDA-ACF49D486697} = {94A753DE-3FF5-4645-B80F-F506238CB7D5}
		{4601F5AB-8E30-4649-80EF-97350BCFA025} = {94A753DE-3FF5-4645-B80F-F506238CB7D5}
		{946221D8-BAE8-4D64-9C63-84DD3E894849} = {94A753DE-3FF5-4645-B80F-F506238CB7D5}
		{9644CBC1-B19F-4246-B368-59C4A87A75FB} = {94A753DE-3FF5-4645-B80F-F506238CB7D5}
		{D2161F4D-5E7F-4524-8D23-DB0E34E92295} = {94A753DE-3FF5-4645-B80F-F506238CB7D5}
		{4305578F-D504-4530-B951-6D11DDFD9CB9} = {94A753DE-3FF5-4645-B80F-F506238CB7D5}
		{32623C5E-ABA7-4A1F-A302-96C2619082D3} = {94A753DE-3FF5-4645-B80F-F506238CB7D5}
		{1D6FBA00-79CC-41BA-A3DE-67CFF3310DF6} = {94A753DE-3FF5-4645-B80F-F506238CB7D5}
	EndGlobalSection
EndGlobal
